version: 6
environments:
  default:
    channels:
    - url: https://conda.anaconda.org/conda-forge/
    packages:
      osx-64:
      - conda: https://conda.anaconda.org/conda-forge/osx-64/_openmp_mutex-4.5-7_kmp_llvm.conda
      - conda: https://conda.anaconda.org/conda-forge/osx-64/brotli-1.2.0-hf139dec_1.conda
      - conda: https://conda.anaconda.org/conda-forge/osx-64/brotli-bin-1.2.0-h8616949_1.conda
      - conda: https://conda.anaconda.org/conda-forge/osx-64/bzip2-1.0.8-h500dc9f_9.conda
      - conda: https://conda.anaconda.org/conda-forge/noarch/ca-certificates-2026.2.25-hbd8a1cb_0.conda
      - conda: https://conda.anaconda.org/conda-forge/noarch/colorama-0.4.6-pyhd8ed1ab_1.conda
      - conda: https://conda.anaconda.org/conda-forge/osx-64/contourpy-1.3.3-py312hb0c38da_4.conda
      - conda: https://conda.anaconda.org/conda-forge/noarch/cycler-0.12.1-pyhcf101f3_2.conda
      - conda: https://conda.anaconda.org/conda-forge/noarch/exceptiongroup-1.3.1-pyhd8ed1ab_0.conda
      - conda: https://conda.anaconda.org/conda-forge/osx-64/fonttools-4.61.1-py312hacf3034_0.conda
      - conda: https://conda.anaconda.org/conda-forge/osx-64/freetype-2.14.1-h694c41f_0.conda
      - conda: https://conda.anaconda.org/conda-forge/noarch/iniconfig-2.3.0-pyhd8ed1ab_0.conda
      - conda: https://conda.anaconda.org/conda-forge/osx-64/kiwisolver-1.4.9-py312h90e26e8_2.conda
      - conda: https://conda.anaconda.org/conda-forge/osx-64/lcms2-2.18-h90db99b_0.conda
      - conda: https://conda.anaconda.org/conda-forge/osx-64/lerc-4.0.0-hcca01a6_1.conda
      - conda: https://conda.anaconda.org/conda-forge/osx-64/libblas-3.11.0-5_he492b99_openblas.conda
      - conda: https://conda.anaconda.org/conda-forge/osx-64/libbrotlicommon-1.2.0-h8616949_1.conda
      - conda: https://conda.anaconda.org/conda-forge/osx-64/libbrotlidec-1.2.0-h8616949_1.conda
      - conda: https://conda.anaconda.org/conda-forge/osx-64/libbrotlienc-1.2.0-h8616949_1.conda
      - conda: https://conda.anaconda.org/conda-forge/osx-64/libcblas-3.11.0-5_h9b27e0a_openblas.conda
      - conda: https://conda.anaconda.org/conda-forge/osx-64/libcxx-22.1.0-h19cb2f5_1.conda
      - conda: https://conda.anaconda.org/conda-forge/osx-64/libdeflate-1.25-h517ebb2_0.conda
      - conda: https://conda.anaconda.org/conda-forge/osx-64/libexpat-2.7.4-h991f03e_0.conda
      - conda: https://conda.anaconda.org/conda-forge/osx-64/libffi-3.5.2-hd1f9c09_0.conda
      - conda: https://conda.anaconda.org/conda-forge/osx-64/libfreetype-2.14.1-h694c41f_0.conda
      - conda: https://conda.anaconda.org/conda-forge/osx-64/libfreetype6-2.14.1-h6912278_0.conda
      - conda: https://conda.anaconda.org/conda-forge/osx-64/libgcc-15.2.0-h08519bb_18.conda
      - conda: https://conda.anaconda.org/conda-forge/osx-64/libgfortran-15.2.0-h7e5c614_18.conda
      - conda: https://conda.anaconda.org/conda-forge/osx-64/libgfortran5-15.2.0-hd16e46c_18.conda
      - conda: https://conda.anaconda.org/conda-forge/osx-64/libjpeg-turbo-3.1.2-h8616949_0.conda
      - conda: https://conda.anaconda.org/conda-forge/osx-64/liblapack-3.11.0-5_h859234e_openblas.conda
      - conda: https://conda.anaconda.org/conda-forge/osx-64/liblzma-5.8.2-h11316ed_0.conda
      - conda: https://conda.anaconda.org/conda-forge/osx-64/libopenblas-0.3.30-openmp_h6006d49_4.conda
      - conda: https://conda.anaconda.org/conda-forge/osx-64/libpng-1.6.55-h07817ec_0.conda
      - conda: https://conda.anaconda.org/conda-forge/osx-64/libsqlite-3.51.2-hb99441e_0.conda
      - conda: https://conda.anaconda.org/conda-forge/osx-64/libtiff-4.7.1-ha0a348c_1.conda
      - conda: https://conda.anaconda.org/conda-forge/osx-64/libwebp-base-1.6.0-hb807250_0.conda
      - conda: https://conda.anaconda.org/conda-forge/osx-64/libxcb-1.17.0-hf1f96e2_0.conda
      - conda: https://conda.anaconda.org/conda-forge/osx-64/libzlib-1.3.1-hd23fc13_2.conda
      - conda: https://conda.anaconda.org/conda-forge/osx-64/llvm-openmp-22.1.0-h0d3cbff_0.conda
      - conda: https://conda.anaconda.org/conda-forge/osx-64/matplotlib-3.10.8-py312hb401068_0.conda
      - conda: https://conda.anaconda.org/conda-forge/osx-64/matplotlib-base-3.10.8-py312h7894933_0.conda
      - conda: https://conda.anaconda.org/conda-forge/noarch/munkres-1.1.4-pyhd8ed1ab_1.conda
      - conda: https://conda.anaconda.org/conda-forge/osx-64/ncurses-6.5-h0622a9a_3.conda
      - conda: https://conda.anaconda.org/conda-forge/osx-64/numpy-2.4.2-py312hb34da66_1.conda
      - conda: https://conda.anaconda.org/conda-forge/osx-64/openjpeg-2.5.4-h87e8dc5_0.conda
      - conda: https://conda.anaconda.org/conda-forge/osx-64/openssl-3.6.1-hb6871ef_1.conda
      - conda: https://conda.anaconda.org/conda-forge/noarch/packaging-26.0-pyhcf101f3_0.conda
      - conda: https://conda.anaconda.org/conda-forge/osx-64/pillow-12.1.1-py312h4985050_0.conda
      - conda: https://conda.anaconda.org/conda-forge/noarch/pip-26.0.1-pyh8b19718_0.conda
      - conda: https://conda.anaconda.org/conda-forge/noarch/pluggy-1.6.0-pyhf9edf01_1.conda
      - conda: https://conda.anaconda.org/conda-forge/osx-64/pthread-stubs-0.4-h00291cd_1002.conda
      - conda: https://conda.anaconda.org/conda-forge/noarch/pygments-2.19.2-pyhd8ed1ab_0.conda
      - conda: https://conda.anaconda.org/conda-forge/noarch/pyparsing-3.3.2-pyhcf101f3_0.conda
      - conda: https://conda.anaconda.org/conda-forge/noarch/pytest-9.0.2-pyhcf101f3_0.conda
      - conda: https://conda.anaconda.org/conda-forge/osx-64/python-3.12.12-h74c2667_2_cpython.conda
      - conda: https://conda.anaconda.org/conda-forge/noarch/python-dateutil-2.9.0.post0-pyhe01879c_2.conda
      - conda: https://conda.anaconda.org/conda-forge/noarch/python_abi-3.12-8_cp312.conda
      - conda: https://conda.anaconda.org/conda-forge/osx-64/qhull-2020.2-h3c5361c_5.conda
      - conda: https://conda.anaconda.org/conda-forge/osx-64/readline-8.3-h68b038d_0.conda
      - conda: https://conda.anaconda.org/conda-forge/osx-64/scipy-1.17.1-py312h6309490_0.conda
      - conda: https://conda.anaconda.org/conda-forge/noarch/setuptools-82.0.0-pyh332efcf_0.conda
      - conda: https://conda.anaconda.org/conda-forge/noarch/six-1.17.0-pyhe01879c_1.conda
      - conda: https://conda.anaconda.org/conda-forge/osx-64/tk-8.6.13-h7142dee_3.conda
      - conda: https://conda.anaconda.org/conda-forge/noarch/tomli-2.4.0-pyhcf101f3_0.conda
      - conda: https://conda.anaconda.org/conda-forge/osx-64/tornado-6.5.4-py312h404bc50_0.conda
      - conda: https://conda.anaconda.org/conda-forge/noarch/typing_extensions-4.15.0-pyhcf101f3_0.conda
      - conda: https://conda.anaconda.org/conda-forge/noarch/tzdata-2025c-hc9c84f9_1.conda
      - conda: https://conda.anaconda.org/conda-forge/osx-64/unicodedata2-17.0.1-py312h1a1c95f_0.conda
      - conda: https://conda.anaconda.org/conda-forge/noarch/wheel-0.46.3-pyhd8ed1ab_0.conda
      - conda: https://conda.anaconda.org/conda-forge/osx-64/xorg-libxau-1.0.12-h8616949_1.conda
      - conda: https://conda.anaconda.org/conda-forge/osx-64/xorg-libxdmcp-1.1.5-h8616949_1.conda
      - conda: https://conda.anaconda.org/conda-forge/osx-64/zlib-ng-2.3.3-h8bce59a_1.conda
      - conda: https://conda.anaconda.org/conda-forge/osx-64/zstd-1.5.7-h3eecb57_6.conda
packages:
- conda: https://conda.anaconda.org/conda-forge/osx-64/_openmp_mutex-4.5-7_kmp_llvm.conda
  build_number: 7
  sha256: 30006902a9274de8abdad5a9f02ef7c8bb3d69a503486af0c1faee30b023e5b7
  md5: eaac87c21aff3ed21ad9656697bb8326
  depends:
  - llvm-openmp >=9.0.1
  license: BSD-3-Clause
  license_family: BSD
  size: 8328
  timestamp: 1764092562779
- conda: https://conda.anaconda.org/conda-forge/osx-64/brotli-1.2.0-hf139dec_1.conda
  sha256: c838c71ded28ada251589f6462fc0f7c09132396799eea2701277566a1a863bf
  md5: 149d8ee7d6541a02a6117d8814fd9413
  depends:
  - __osx >=10.13
  - brotli-bin 1.2.0 h8616949_1
  - libbrotlidec 1.2.0 h8616949_1
  - libbrotlienc 1.2.0 h8616949_1
  license: MIT
  license_family: MIT
  size: 20194
  timestamp: 1764017661405
- conda: https://conda.anaconda.org/conda-forge/osx-64/brotli-bin-1.2.0-h8616949_1.conda
  sha256: dcb5a2b29244b82af2545efad13dfdf8dddb86f88ce64ff415be9e7a10cc0383
  md5: 34803b20dfec7af32ba675c5ccdbedbf
  depends:
  - __osx >=10.13
  - libbrotlidec 1.2.0 h8616949_1
  - libbrotlienc 1.2.0 h8616949_1
  license: MIT
  license_family: MIT
  size: 18589
  timestamp: 1764017635544
- conda: https://conda.anaconda.org/conda-forge/osx-64/bzip2-1.0.8-h500dc9f_9.conda
  sha256: 9f242f13537ef1ce195f93f0cc162965d6cc79da578568d6d8e50f70dd025c42
  md5: 4173ac3b19ec0a4f400b4f782910368b
  depends:
  - __osx >=10.13
  license: bzip2-1.0.6
  license_family: BSD
  size: 133427
  timestamp: 1771350680709
- conda: https://conda.anaconda.org/conda-forge/noarch/ca-certificates-2026.2.25-hbd8a1cb_0.conda
  sha256: 67cc7101b36421c5913a1687ef1b99f85b5d6868da3abbf6ec1a4181e79782fc
  md5: 4492fd26db29495f0ba23f146cd5638d
  depends:
  - __unix
  license: ISC
  size: 147413
  timestamp: 1772006283803
- conda: https://conda.anaconda.org/conda-forge/noarch/colorama-0.4.6-pyhd8ed1ab_1.conda
  sha256: ab29d57dc70786c1269633ba3dff20288b81664d3ff8d21af995742e2bb03287
  md5: 962b9857ee8e7018c22f2776ffa0b2d7
  depends:
  - python >=3.9
  license: BSD-3-Clause
  license_family: BSD
  size: 27011
  timestamp: 1733218222191
- conda: https://conda.anaconda.org/conda-forge/osx-64/contourpy-1.3.3-py312hb0c38da_4.conda
  sha256: 6c03943009b07c6deb3a64afa094b6ca694062b58127a4da6f656a13d508c340
  md5: 625f08687ba33cc9e57865e7bf8e8123
  depends:
  - numpy >=1.25
  - python
  - __osx >=10.13
  - libcxx >=19
  - python_abi 3.12.* *_cp312
  license: BSD-3-Clause
  license_family: BSD
  size: 298198
  timestamp: 1769156053873
- conda: https://conda.anaconda.org/conda-forge/noarch/cycler-0.12.1-pyhcf101f3_2.conda
  sha256: bb47aec5338695ff8efbddbc669064a3b10fe34ad881fb8ad5d64fbfa6910ed1
  md5: 4c2a8fef270f6c69591889b93f9f55c1
  depends:
  - python >=3.10
  - python
  license: BSD-3-Clause
  license_family: BSD
  size: 14778
  timestamp: 1764466758386
- conda: https://conda.anaconda.org/conda-forge/noarch/exceptiongroup-1.3.1-pyhd8ed1ab_0.conda
  sha256: ee6cf346d017d954255bbcbdb424cddea4d14e4ed7e9813e429db1d795d01144
  md5: 8e662bd460bda79b1ea39194e3c4c9ab
  depends:
  - python >=3.10
  - typing_extensions >=4.6.0
  license: MIT and PSF-2.0
  size: 21333
  timestamp: 1763918099466
- conda: https://conda.anaconda.org/conda-forge/osx-64/fonttools-4.61.1-py312hacf3034_0.conda
  sha256: f01c62330a693e05b6938ffbf3b930197c4e9ba73659c36bb8ee74c799ec840d
  md5: 277eb1146255b637cac845cc6bc8fb6b
  depends:
  - __osx >=10.13
  - brotli
  - munkres
  - python >=3.12,<3.13.0a0
  - python_abi 3.12.* *_cp312
  - unicodedata2 >=15.1.0
  license: MIT
  license_family: MIT
  size: 2879894
  timestamp: 1765632981375
- conda: https://conda.anaconda.org/conda-forge/osx-64/freetype-2.14.1-h694c41f_0.conda
  sha256: 9f8282510db291496e89618fc66a58a1124fe7a6276fbd57ed18c602ce2576e9
  md5: ca641fdf8b7803f4b7212b6d66375930
  depends:
  - libfreetype 2.14.1 h694c41f_0
  - libfreetype6 2.14.1 h6912278_0
  license: GPL-2.0-only OR FTL
  size: 173969
  timestamp: 1757945973505
- conda: https://conda.anaconda.org/conda-forge/noarch/iniconfig-2.3.0-pyhd8ed1ab_0.conda
  sha256: e1a9e3b1c8fe62dc3932a616c284b5d8cbe3124bbfbedcf4ce5c828cb166ee19
  md5: 9614359868482abba1bd15ce465e3c42
  depends:
  - python >=3.10
  license: MIT
  license_family: MIT
  size: 13387
  timestamp: 1760831448842
- conda: https://conda.anaconda.org/conda-forge/osx-64/kiwisolver-1.4.9-py312h90e26e8_2.conda
  sha256: 9e4e940969e6765bd2a13c76e131bcb02b8930a3c78adec0dbe83a8494b40a52
  md5: b85c7204ae22668690eb1e95640202c4
  depends:
  - python
  - libcxx >=19
  - __osx >=10.13
  - python_abi 3.12.* *_cp312
  license: BSD-3-Clause
  license_family: BSD
  size: 69024
  timestamp: 1762488958152
- conda: https://conda.anaconda.org/conda-forge/osx-64/lcms2-2.18-h90db99b_0.conda
  sha256: 3ec16c491425999a8461e1b7c98558060a4645a20cf4c9ac966103c724008cc2
  md5: 753acc10c7277f953f168890e5397c80
  depends:
  - __osx >=10.13
  - libjpeg-turbo >=3.1.2,<4.0a0
  - libtiff >=4.7.1,<4.8.0a0
  license: MIT
  license_family: MIT
  size: 226870
  timestamp: 1768184917403
- conda: https://conda.anaconda.org/conda-forge/osx-64/lerc-4.0.0-hcca01a6_1.conda
  sha256: cc1f1d7c30aa29da4474ec84026ec1032a8df1d7ec93f4af3b98bb793d01184e
  md5: 21f765ced1a0ef4070df53cb425e1967
  depends:
  - __osx >=10.13
  - libcxx >=18
  license: Apache-2.0
  license_family: Apache
  size: 248882
  timestamp: 1745264331196
- conda: https://conda.anaconda.org/conda-forge/osx-64/libblas-3.11.0-5_he492b99_openblas.conda
  build_number: 5
  sha256: 4754de83feafa6c0b41385f8dab1b13f13476232e16f524564a340871a9fc3bc
  md5: 36d2e68a156692cbae776b75d6ca6eae
  depends:
  - libopenblas >=0.3.30,<0.3.31.0a0
  - libopenblas >=0.3.30,<1.0a0
  constrains:
  - liblapack  3.11.0   5*_openblas
  - blas 2.305   openblas
  - libcblas   3.11.0   5*_openblas
  - mkl <2026
  - liblapacke 3.11.0   5*_openblas
  license: BSD-3-Clause
  license_family: BSD
  size: 18476
  timestamp: 1765819054657
- conda: https://conda.anaconda.org/conda-forge/osx-64/libbrotlicommon-1.2.0-h8616949_1.conda
  sha256: 4c19b211b3095f541426d5a9abac63e96a5045e509b3d11d4f9482de53efe43b
  md5: f157c098841474579569c85a60ece586
  depends:
  - __osx >=10.13
  license: MIT
  license_family: MIT
  size: 78854
  timestamp: 1764017554982
- conda: https://conda.anaconda.org/conda-forge/osx-64/libbrotlidec-1.2.0-h8616949_1.conda
  sha256: 729158be90ae655a4e0427fe4079767734af1f9b69ff58cf94ca6e8d4b3eb4b7
  md5: 63186ac7a8a24b3528b4b14f21c03f54
  depends:
  - __osx >=10.13
  - libbrotlicommon 1.2.0 h8616949_1
  license: MIT
  license_family: MIT
  size: 30835
  timestamp: 1764017584474
- conda: https://conda.anaconda.org/conda-forge/osx-64/libbrotlienc-1.2.0-h8616949_1.conda
  sha256: 8ece7b41b6548d6601ac2c2cd605cf2261268fc4443227cc284477ed23fbd401
  md5: 12a58fd3fc285ce20cf20edf21a0ff8f
  depends:
  - __osx >=10.13
  - libbrotlicommon 1.2.0 h8616949_1
  license: MIT
  license_family: MIT
  size: 310355
  timestamp: 1764017609985
- conda: https://conda.anaconda.org/conda-forge/osx-64/libcblas-3.11.0-5_h9b27e0a_openblas.conda
  build_number: 5
  sha256: 8077c29ea720bd152be6e6859a3765228cde51301fe62a3b3f505b377c2cb48c
  md5: b31d771cbccff686e01a687708a7ca41
  depends:
  - libblas 3.11.0 5_he492b99_openblas
  constrains:
  - liblapack  3.11.0   5*_openblas
  - blas 2.305   openblas
  - liblapacke 3.11.0   5*_openblas
  license: BSD-3-Clause
  license_family: BSD
  size: 18484
  timestamp: 1765819073006
- conda: https://conda.anaconda.org/conda-forge/osx-64/libcxx-22.1.0-h19cb2f5_1.conda
  sha256: fa002b43752fe5860e588435525195324fe250287105ebd472ac138e97de45e6
  md5: 836389b6b9ae58f3fbcf7cafebd5c7f2
  depends:
  - __osx >=11.0
  license: Apache-2.0 WITH LLVM-exception
  license_family: Apache
  size: 570141
  timestamp: 1772001147762
- conda: https://conda.anaconda.org/conda-forge/osx-64/libdeflate-1.25-h517ebb2_0.conda
  sha256: 025f8b1e85dd8254e0ca65f011919fb1753070eb507f03bca317871a884d24de
  md5: 31aa65919a729dc48180893f62c25221
  depends:
  - __osx >=10.13
  license: MIT
  license_family: MIT
  size: 70840
  timestamp: 1761980008502
- conda: https://conda.anaconda.org/conda-forge/osx-64/libexpat-2.7.4-h991f03e_0.conda
  sha256: 8d9d79b2de7d6f335692391f5281607221bf5d040e6724dad4c4d77cd603ce43
  md5: a684eb8a19b2aa68fde0267df172a1e3
  depends:
  - __osx >=10.13
  constrains:
  - expat 2.7.4.*
  license: MIT
  license_family: MIT
  size: 74578
  timestamp: 1771260142624
- conda: https://conda.anaconda.org/conda-forge/osx-64/libffi-3.5.2-hd1f9c09_0.conda
  sha256: 951958d1792238006fdc6fce7f71f1b559534743b26cc1333497d46e5903a2d6
  md5: 66a0dc7464927d0853b590b6f53ba3ea
  depends:
  - __osx >=10.13
  license: MIT
  license_family: MIT
  size: 53583
  timestamp: 1769456300951
- conda: https://conda.anaconda.org/conda-forge/osx-64/libfreetype-2.14.1-h694c41f_0.conda
  sha256: 035e23ef87759a245d51890aedba0b494a26636784910c3730d76f3dc4482b1d
  md5: e0e2edaf5e0c71b843e25a7ecc451cc9
  depends:
  - libfreetype6 >=2.14.1
  license: GPL-2.0-only OR FTL
  size: 7780
  timestamp: 1757945952392
- conda: https://conda.anaconda.org/conda-forge/osx-64/libfreetype6-2.14.1-h6912278_0.conda
  sha256: f5f28092e368efc773bcd1c381d123f8b211528385a9353e36f8808d00d11655
  md5: dfbdc8fd781dc3111541e4234c19fdbd
  depends:
  - __osx >=10.13
  - libpng >=1.6.50,<1.7.0a0
  - libzlib >=1.3.1,<2.0a0
  constrains:
  - freetype >=2.14.1
  license: GPL-2.0-only OR FTL
  size: 374993
  timestamp: 1757945949585
- conda: https://conda.anaconda.org/conda-forge/osx-64/libgcc-15.2.0-h08519bb_18.conda
  sha256: 83366f11615ab234aa1e0797393f9e07b78124b5a24c4a9f8af0113d02df818e
  md5: 9a5cb96e43f5c2296690186e15b3296f
  depends:
  - _openmp_mutex
  constrains:
  - libgcc-ng ==15.2.0=*_18
  - libgomp 15.2.0 18
  license: GPL-3.0-only WITH GCC-exception-3.1
  license_family: GPL
  size: 423025
  timestamp: 1771378225170
- conda: https://conda.anaconda.org/conda-forge/osx-64/libgfortran-15.2.0-h7e5c614_18.conda
  sha256: fb06c2a2ef06716a0f2a6550f5d13cdd1d89365993068512b7ae3c34e6e665d9
  md5: 34a9f67498721abcfef00178bcf4b190
  depends:
  - libgfortran5 15.2.0 hd16e46c_18
  constrains:
  - libgfortran-ng ==15.2.0=*_18
  license: GPL-3.0-only WITH GCC-exception-3.1
  license_family: GPL
  size: 139761
  timestamp: 1771378423828
- conda: https://conda.anaconda.org/conda-forge/osx-64/libgfortran5-15.2.0-hd16e46c_18.conda
  sha256: ddaf9dcf008c031b10987991aa78643e03c24a534ad420925cbd5851b31faa11
  md5: ca52daf58cea766656266c8771d8be81
  depends:
  - libgcc >=15.2.0
  constrains:
  - libgfortran 15.2.0
  license: GPL-3.0-only WITH GCC-exception-3.1
  license_family: GPL
  size: 1062274
  timestamp: 1771378232014
- conda: https://conda.anaconda.org/conda-forge/osx-64/libjpeg-turbo-3.1.2-h8616949_0.conda
  sha256: ebe2877abc046688d6ea299e80d8322d10c69763f13a102010f90f7168cc5f54
  md5: 48dda187f169f5a8f1e5e07701d5cdd9
  depends:
  - __osx >=10.13
  constrains:
  - jpeg <0.0.0a
  license: IJG AND BSD-3-Clause AND Zlib
  size: 586189
  timestamp: 1762095332781
- conda: https://conda.anaconda.org/conda-forge/osx-64/liblapack-3.11.0-5_h859234e_openblas.conda
  build_number: 5
  sha256: 2c915fe2b3d806d4b82776c882ba66ba3e095e9e2c41cc5c3375bffec6bddfdc
  md5: eb5b1c25d4ac30813a6ca950a58710d6
  depends:
  - libblas 3.11.0 5_he492b99_openblas
  constrains:
  - libcblas   3.11.0   5*_openblas
  - blas 2.305   openblas
  - liblapacke 3.11.0   5*_openblas
  license: BSD-3-Clause
  license_family: BSD
  size: 18491
  timestamp: 1765819090240
- conda: https://conda.anaconda.org/conda-forge/osx-64/liblzma-5.8.2-h11316ed_0.conda
  sha256: 7ab3c98abd3b5d5ec72faa8d9f5d4b50dcee4970ed05339bc381861199dabb41
  md5: 688a0c3d57fa118b9c97bf7e471ab46c
  depends:
  - __osx >=10.13
  constrains:
  - xz 5.8.2.*
  license: 0BSD
  size: 105482
  timestamp: 1768753411348
- conda: https://conda.anaconda.org/conda-forge/osx-64/libopenblas-0.3.30-openmp_h6006d49_4.conda
  sha256: ba642353f7f41ab2d2eb6410fbe522238f0f4483bcd07df30b3222b4454ee7cd
  md5: 9241a65e6e9605e4581a2a8005d7f789
  depends:
  - __osx >=10.13
  - libgfortran
  - libgfortran5 >=14.3.0
  - llvm-openmp >=19.1.7
  constrains:
  - openblas >=0.3.30,<0.3.31.0a0
  license: BSD-3-Clause
  license_family: BSD
  size: 6268795
  timestamp: 1763117623665
- conda: https://conda.anaconda.org/conda-forge/osx-64/libpng-1.6.55-h07817ec_0.conda
  sha256: 75755fa305f7c944d911bf00593e283ebb83dac1e9c54dc1e016cf591e57d808
  md5: 4fc7ed44d55aaf1d72b8fbc18774b90c
  depends:
  - __osx >=10.13
  - libzlib >=1.3.1,<2.0a0
  license: zlib-acknowledgement
  size: 298943
  timestamp: 1770691469850
- conda: https://conda.anaconda.org/conda-forge/osx-64/libsqlite-3.51.2-hb99441e_0.conda
  sha256: 710a7ea27744199023c92e66ad005de7f8db9cf83f10d5a943d786f0dac53b7c
  md5: d910105ce2b14dfb2b32e92ec7653420
  depends:
  - __osx >=10.13
  - libzlib >=1.3.1,<2.0a0
  license: blessing
  size: 987506
  timestamp: 1768148247615
- conda: https://conda.anaconda.org/conda-forge/osx-64/libtiff-4.7.1-ha0a348c_1.conda
  sha256: e53424c34147301beae2cd9223ebf593720d94c038b3f03cacd0535e12c9668e
  md5: 9d4344f94de4ab1330cdc41c40152ea6
  depends:
  - __osx >=10.13
  - lerc >=4.0.0,<5.0a0
  - libcxx >=19
  - libdeflate >=1.25,<1.26.0a0
  - libjpeg-turbo >=3.1.0,<4.0a0
  - liblzma >=5.8.1,<6.0a0
  - libwebp-base >=1.6.0,<2.0a0
  - libzlib >=1.3.1,<2.0a0
  - zstd >=1.5.7,<1.6.0a0
  license: HPND
  size: 404591
  timestamp: 1762022511178
- conda: https://conda.anaconda.org/conda-forge/osx-64/libwebp-base-1.6.0-hb807250_0.conda
  sha256: 00dbfe574b5d9b9b2b519acb07545380a6bc98d1f76a02695be4995d4ec91391
  md5: 7bb6608cf1f83578587297a158a6630b
  depends:
  - __osx >=10.13
  constrains:
  - libwebp 1.6.0
  license: BSD-3-Clause
  license_family: BSD
  size: 365086
  timestamp: 1752159528504
- conda: https://conda.anaconda.org/conda-forge/osx-64/libxcb-1.17.0-hf1f96e2_0.conda
  sha256: 8896cd5deff6f57d102734f3e672bc17120613647288f9122bec69098e839af7
  md5: bbeca862892e2898bdb45792a61c4afc
  depends:
  - __osx >=10.13
  - pthread-stubs
  - xorg-libxau >=1.0.11,<2.0a0
  - xorg-libxdmcp
  license: MIT
  license_family: MIT
  size: 323770
  timestamp: 1727278927545
- conda: https://conda.anaconda.org/conda-forge/osx-64/libzlib-1.3.1-hd23fc13_2.conda
  sha256: 8412f96504fc5993a63edf1e211d042a1fd5b1d51dedec755d2058948fcced09
  md5: 003a54a4e32b02f7355b50a837e699da
  depends:
  - __osx >=10.13
  constrains:
  - zlib 1.3.1 *_2
  license: Zlib
  license_family: Other
  size: 57133
  timestamp: 1727963183990
- conda: https://conda.anaconda.org/conda-forge/osx-64/llvm-openmp-22.1.0-h0d3cbff_0.conda
  sha256: b63df4e592b3362e7d13e3d1cf8e55ce932ff4f17611c8514b5d36368ec2094c
  md5: 3921780bab286f2439ba483c22b90345
  depends:
  - __osx >=11.0
  constrains:
  - openmp 22.1.0|22.1.0.*
  - intel-openmp <0.0a0
  license: Apache-2.0 WITH LLVM-exception
  license_family: APACHE
  size: 311938
  timestamp: 1772024731611
- conda: https://conda.anaconda.org/conda-forge/osx-64/matplotlib-3.10.8-py312hb401068_0.conda
  sha256: a42cff0706c6e4d43234b9dc366f9d9b99555cee5c259969978e8741faf335db
  md5: c2a15b38125fe68d31901e7fa63ca049
  depends:
  - matplotlib-base >=3.10.8,<3.10.9.0a0
  - python >=3.12,<3.13.0a0
  - python_abi 3.12.* *_cp312
  - tornado >=5
  license: PSF-2.0
  license_family: PSF
  size: 17476
  timestamp: 1763055659354
- conda: https://conda.anaconda.org/conda-forge/osx-64/matplotlib-base-3.10.8-py312h7894933_0.conda
  sha256: 2ce31cad23d5d5fc16ca9d25f47dcfc52e93f2a0c6e1dc6db28e583c42f88bdc
  md5: 853618b60fdd11a6c3dbaadaa413407c
  depends:
  - __osx >=10.13
  - contourpy >=1.0.1
  - cycler >=0.10
  - fonttools >=4.22.0
  - freetype
  - kiwisolver >=1.3.1
  - libcxx >=19
  - libfreetype >=2.14.1
  - libfreetype6 >=2.14.1
  - numpy >=1.23
  - numpy >=1.23,<3
  - packaging >=20.0
  - pillow >=8
  - pyparsing >=2.3.1
  - python >=3.12,<3.13.0a0
  - python-dateutil >=2.7
  - python_abi 3.12.* *_cp312
  - qhull >=2020.2,<2020.3.0a0
  license: PSF-2.0
  license_family: PSF
  size: 8295843
  timestamp: 1763055621386
- conda: https://conda.anaconda.org/conda-forge/noarch/munkres-1.1.4-pyhd8ed1ab_1.conda
  sha256: d09c47c2cf456de5c09fa66d2c3c5035aa1fa228a1983a433c47b876aa16ce90
  md5: 37293a85a0f4f77bbd9cf7aaefc62609
  depends:
  - python >=3.9
  license: Apache-2.0
  license_family: Apache
  size: 15851
  timestamp: 1749895533014
- conda: https://conda.anaconda.org/conda-forge/osx-64/ncurses-6.5-h0622a9a_3.conda
  sha256: ea4a5d27ded18443749aefa49dc79f6356da8506d508b5296f60b8d51e0c4bd9
  md5: ced34dd9929f491ca6dab6a2927aff25
  depends:
  - __osx >=10.13
  license: X11 AND BSD-3-Clause
  size: 822259
  timestamp: 1738196181298
- conda: https://conda.anaconda.org/conda-forge/osx-64/numpy-2.4.2-py312hb34da66_1.conda
  sha256: e9acaaafe6a0a698d4d759d860fc8a617724a3031ae1918f761e69297e543a3e
  md5: c06b511affcf74a79b1852ae7b722035
  depends:
  - python
  - __osx >=10.13
  - libcxx >=19
  - liblapack >=3.9.0,<4.0a0
  - python_abi 3.12.* *_cp312
  - libcblas >=3.9.0,<4.0a0
  - libblas >=3.9.0,<4.0a0
  constrains:
  - numpy-base <0a0
  license: BSD-3-Clause
  license_family: BSD
  size: 7978246
  timestamp: 1770098377108
- conda: https://conda.anaconda.org/conda-forge/osx-64/openjpeg-2.5.4-h87e8dc5_0.conda
  sha256: fdf4708a4e45b5fd9868646dd0c0a78429f4c0b8be490196c975e06403a841d0
  md5: a67d3517ebbf615b91ef9fdc99934e0c
  depends:
  - __osx >=10.13
  - libcxx >=19
  - libpng >=1.6.50,<1.7.0a0
  - libtiff >=4.7.1,<4.8.0a0
  - libzlib >=1.3.1,<2.0a0
  license: BSD-2-Clause
  license_family: BSD
  size: 334875
  timestamp: 1758489493148
- conda: https://conda.anaconda.org/conda-forge/osx-64/openssl-3.6.1-hb6871ef_1.conda
  sha256: e02e5639b0e4d6d4fcf0f3b082642844fb5a37316f5b0a1126c6271347462e90
  md5: 30bb8d08b99b9a7600d39efb3559fff0
  depends:
  - __osx >=10.13
  - ca-certificates
  license: Apache-2.0
  license_family: Apache
  size: 2777136
  timestamp: 1769557662405
- conda: https://conda.anaconda.org/conda-forge/noarch/packaging-26.0-pyhcf101f3_0.conda
  sha256: c1fc0f953048f743385d31c468b4a678b3ad20caffdeaa94bed85ba63049fd58
  md5: b76541e68fea4d511b1ac46a28dcd2c6
  depends:
  - python >=3.8
  - python
  license: Apache-2.0
  license_family: APACHE
  size: 72010
  timestamp: 1769093650580
- conda: https://conda.anaconda.org/conda-forge/osx-64/pillow-12.1.1-py312h4985050_0.conda
  sha256: a2a48fdaa95921c4178ae16f4663bdaa74a2c93bdf45c8221f328692bb2e083b
  md5: b1fcc4538203c9c747879d3e461f2f74
  depends:
  - python
  - __osx >=10.13
  - tk >=8.6.13,<8.7.0a0
  - libwebp-base >=1.6.0,<2.0a0
  - libxcb >=1.17.0,<2.0a0
  - libfreetype >=2.14.1
  - libfreetype6 >=2.14.1
  - libjpeg-turbo >=3.1.2,<4.0a0
  - libtiff >=4.7.1,<4.8.0a0
  - python_abi 3.12.* *_cp312
  - zlib-ng >=2.3.3,<2.4.0a0
  - lcms2 >=2.18,<3.0a0
  - openjpeg >=2.5.4,<3.0a0
  license: HPND
  size: 964529
  timestamp: 1770794115028
- conda: https://conda.anaconda.org/conda-forge/noarch/pip-26.0.1-pyh8b19718_0.conda
  sha256: 8e1497814a9997654ed7990a79c054ea5a42545679407acbc6f7e809c73c9120
  md5: 67bdec43082fd8a9cffb9484420b39a2
  depends:
  - python >=3.10,<3.13.0a0
  - setuptools
  - wheel
  license: MIT
  license_family: MIT
  size: 1181790
  timestamp: 1770270305795
- conda: https://conda.anaconda.org/conda-forge/noarch/pluggy-1.6.0-pyhf9edf01_1.conda
  sha256: e14aafa63efa0528ca99ba568eaf506eb55a0371d12e6250aaaa61718d2eb62e
  md5: d7585b6550ad04c8c5e21097ada2888e
  depends:
  - python >=3.9
  - python
  license: MIT
  license_family: MIT
  size: 25877
  timestamp: 1764896838868
- conda: https://conda.anaconda.org/conda-forge/osx-64/pthread-stubs-0.4-h00291cd_1002.conda
  sha256: 05944ca3445f31614f8c674c560bca02ff05cb51637a96f665cb2bbe496099e5
  md5: 8bcf980d2c6b17094961198284b8e862
  depends:
  - __osx >=10.13
  license: MIT
  license_family: MIT
  size: 8364
  timestamp: 1726802331537
- conda: https://conda.anaconda.org/conda-forge/noarch/pygments-2.19.2-pyhd8ed1ab_0.conda
  sha256: 5577623b9f6685ece2697c6eb7511b4c9ac5fb607c9babc2646c811b428fd46a
  md5: 6b6ece66ebcae2d5f326c77ef2c5a066
  depends:
  - python >=3.9
  license: BSD-2-Clause
  license_family: BSD
  size: 889287
  timestamp: 1750615908735
- conda: https://conda.anaconda.org/conda-forge/noarch/pyparsing-3.3.2-pyhcf101f3_0.conda
  sha256: 417fba4783e528ee732afa82999300859b065dc59927344b4859c64aae7182de
  md5: 3687cc0b82a8b4c17e1f0eb7e47163d5
  depends:
  - python >=3.10
  - python
  license: MIT
  license_family: MIT
  size: 110893
  timestamp: 1769003998136
- conda: https://conda.anaconda.org/conda-forge/noarch/pytest-9.0.2-pyhcf101f3_0.conda
  sha256: 9e749fb465a8bedf0184d8b8996992a38de351f7c64e967031944978de03a520
  md5: 2b694bad8a50dc2f712f5368de866480
  depends:
  - pygments >=2.7.2
  - python >=3.10
  - iniconfig >=1.0.1
  - packaging >=22
  - pluggy >=1.5,<2
  - tomli >=1
  - colorama >=0.4
  - exceptiongroup >=1
  - python
  constrains:
  - pytest-faulthandler >=2
  license: MIT
  license_family: MIT
  size: 299581
  timestamp: 1765062031645
- conda: https://conda.anaconda.org/conda-forge/osx-64/python-3.12.12-h74c2667_2_cpython.conda
  build_number: 2
  sha256: a0dc682959d43789313346549370579604020617718f9ff09f8dc99fe4fb1faa
  md5: 64f6c57fd1d23500084194c740da395e
  depends:
  - __osx >=10.13
  - bzip2 >=1.0.8,<2.0a0
  - libexpat >=2.7.3,<3.0a0
  - libffi >=3.5.2,<3.6.0a0
  - liblzma >=5.8.2,<6.0a0
  - libsqlite >=3.51.2,<4.0a0
  - libzlib >=1.3.1,<2.0a0
  - ncurses >=6.5,<7.0a0
  - openssl >=3.5.4,<4.0a0
  - readline >=8.3,<9.0a0
  - tk >=8.6.13,<8.7.0a0
  - tzdata
  constrains:
  - python_abi 3.12.* *_cp312
  license: Python-2.0
  size: 13739394
  timestamp: 1769473128970
- conda: https://conda.anaconda.org/conda-forge/noarch/python-dateutil-2.9.0.post0-pyhe01879c_2.conda
  sha256: d6a17ece93bbd5139e02d2bd7dbfa80bee1a4261dced63f65f679121686bf664
  md5: 5b8d21249ff20967101ffa321cab24e8
  depends:
  - python >=3.9
  - six >=1.5
  - python
  license: Apache-2.0
  license_family: APACHE
  size: 233310
  timestamp: 1751104122689
- conda: https://conda.anaconda.org/conda-forge/noarch/python_abi-3.12-8_cp312.conda
  build_number: 8
  sha256: 80677180dd3c22deb7426ca89d6203f1c7f1f256f2d5a94dc210f6e758229809
  md5: c3efd25ac4d74b1584d2f7a57195ddf1
  constrains:
  - python 3.12.* *_cpython
  license: BSD-3-Clause
  license_family: BSD
  size: 6958
  timestamp: 1752805918820
- conda: https://conda.anaconda.org/conda-forge/osx-64/qhull-2020.2-h3c5361c_5.conda
  sha256: 79d804fa6af9c750e8b09482559814ae18cd8df549ecb80a4873537a5a31e06e
  md5: dd1ea9ff27c93db7c01a7b7656bd4ad4
  depends:
  - __osx >=10.13
  - libcxx >=16
  license: LicenseRef-Qhull
  size: 528122
  timestamp: 1720814002588
- conda: https://conda.anaconda.org/conda-forge/osx-64/readline-8.3-h68b038d_0.conda
  sha256: 4614af680aa0920e82b953fece85a03007e0719c3399f13d7de64176874b80d5
  md5: eefd65452dfe7cce476a519bece46704
  depends:
  - __osx >=10.13
  - ncurses >=6.5,<7.0a0
  license: GPL-3.0-only
  license_family: GPL
  size: 317819
  timestamp: 1765813692798
- conda: https://conda.anaconda.org/conda-forge/osx-64/scipy-1.17.1-py312h6309490_0.conda
  sha256: 81842a4b39f700e122c8ba729034c7fc7b3a6bfd8d3ca41fe64e2bc8b0d1a4f4
  md5: 07c955303eea8d00535164eb5f63ee97
  depends:
  - __osx >=11.0
  - libblas >=3.9.0,<4.0a0
  - libcblas >=3.9.0,<4.0a0
  - libcxx >=19
  - libgfortran
  - libgfortran5 >=14.3.0
  - liblapack >=3.9.0,<4.0a0
  - numpy <2.7
  - numpy >=1.23,<3
  - numpy >=1.25.2
  - python >=3.12,<3.13.0a0
  - python_abi 3.12.* *_cp312
  license: BSD-3-Clause
  license_family: BSD
  size: 15312767
  timestamp: 1771881124085
- conda: https://conda.anaconda.org/conda-forge/noarch/setuptools-82.0.0-pyh332efcf_0.conda
  sha256: fd7201e38e38bf7f25818d624ca8da97b8998957ca9ae3fb7fdc9c17e6b25fcd
  md5: 1d00d46c634177fc8ede8b99d6089239
  depends:
  - python >=3.10
  license: MIT
  license_family: MIT
  size: 637506
  timestamp: 1770634745653
- conda: https://conda.anaconda.org/conda-forge/noarch/six-1.17.0-pyhe01879c_1.conda
  sha256: 458227f759d5e3fcec5d9b7acce54e10c9e1f4f4b7ec978f3bfd54ce4ee9853d
  md5: 3339e3b65d58accf4ca4fb8748ab16b3
  depends:
  - python >=3.9
  - python
  license: MIT
  license_family: MIT
  size: 18455
  timestamp: 1753199211006
- conda: https://conda.anaconda.org/conda-forge/osx-64/tk-8.6.13-h7142dee_3.conda
  sha256: 7f0d9c320288532873e2d8486c331ec6d87919c9028208d3f6ac91dc8f99a67b
  md5: 6e6efb7463f8cef69dbcb4c2205bf60e
  depends:
  - __osx >=10.13
  - libzlib >=1.3.1,<2.0a0
  license: TCL
  license_family: BSD
  size: 3282953
  timestamp: 1769460532442
- conda: https://conda.anaconda.org/conda-forge/noarch/tomli-2.4.0-pyhcf101f3_0.conda
  sha256: 62940c563de45790ba0f076b9f2085a842a65662268b02dd136a8e9b1eaf47a8
  md5: 72e780e9aa2d0a3295f59b1874e3768b
  depends:
  - python >=3.10
  - python
  license: MIT
  license_family: MIT
  size: 21453
  timestamp: 1768146676791
- conda: https://conda.anaconda.org/conda-forge/osx-64/tornado-6.5.4-py312h404bc50_0.conda
  sha256: 44ba44075b754a0da5a476d5cdc6783e290d3f26d355c9fc236abaaefa902d4d
  md5: fc935f8c37abef2b3cc3b9f15b951c6d
  depends:
  - __osx >=11.0
  - python >=3.12,<3.13.0a0
  - python_abi 3.12.* *_cp312
  license: Apache-2.0
  license_family: Apache
  size: 854453
  timestamp: 1765836802876
- conda: https://conda.anaconda.org/conda-forge/noarch/typing_extensions-4.15.0-pyhcf101f3_0.conda
  sha256: 032271135bca55aeb156cee361c81350c6f3fb203f57d024d7e5a1fc9ef18731
  md5: 0caa1af407ecff61170c9437a808404d
  depends:
  - python >=3.10
  - python
  license: PSF-2.0
  license_family: PSF
  size: 51692
  timestamp: 1756220668932
- conda: https://conda.anaconda.org/conda-forge/noarch/tzdata-2025c-hc9c84f9_1.conda
  sha256: 1d30098909076af33a35017eed6f2953af1c769e273a0626a04722ac4acaba3c
  md5: ad659d0a2b3e47e38d829aa8cad2d610
  license: LicenseRef-Public-Domain
  size: 119135
  timestamp: 1767016325805
- conda: https://conda.anaconda.org/conda-forge/osx-64/unicodedata2-17.0.1-py312h1a1c95f_0.conda
  sha256: 29bdc3648a4b8011c572003234ebfaa13666aa71760c9f89f798758ccebd7448
  md5: 563dc18b746f873408b76e068e2b4baa
  depends:
  - __osx >=10.13
  - python >=3.12,<3.13.0a0
  - python_abi 3.12.* *_cp312
  license: Apache-2.0
  license_family: Apache
  size: 406056
  timestamp: 1770909495553
- conda: https://conda.anaconda.org/conda-forge/noarch/wheel-0.46.3-pyhd8ed1ab_0.conda
  sha256: d6cf2f0ebd5e09120c28ecba450556ce553752652d91795442f0e70f837126ae
  md5: bdbd7385b4a67025ac2dba4ef8cb6a8f
  depends:
  - packaging >=24.0
  - python >=3.10
  license: MIT
  license_family: MIT
  size: 31858
  timestamp: 1769139207397
- conda: https://conda.anaconda.org/conda-forge/osx-64/xorg-libxau-1.0.12-h8616949_1.conda
  sha256: 928f28bd278c7da674b57d71b2e7f4ac4e7c7ce56b0bf0f60d6a074366a2e76d
  md5: 47f1b8b4a76ebd0cd22bd7153e54a4dc
  depends:
  - __osx >=10.13
  license: MIT
  license_family: MIT
  size: 13810
  timestamp: 1762977180568
- conda: https://conda.anaconda.org/conda-forge/osx-64/xorg-libxdmcp-1.1.5-h8616949_1.conda
  sha256: b7b291cc5fd4e1223058542fca46f462221027779920dd433d68b98e858a4afc
  md5: 435446d9d7db8e094d2c989766cfb146
  depends:
  - __osx >=10.13
  license: MIT
  license_family: MIT
  size: 19067
  timestamp: 1762977101974
- conda: https://conda.anaconda.org/conda-forge/osx-64/zlib-ng-2.3.3-h8bce59a_1.conda
  sha256: 4a1beb656761c7d8c9a53474bfd3932c30d82af5d93a32b8ef626c01c059d981
  md5: b3ecb6480fd46194e3f7dd0ff4445dff
  depends:
  - __osx >=10.13
  - libcxx >=19
  license: Zlib
  license_family: Other
  size: 120464
  timestamp: 1770168263684
- conda: https://conda.anaconda.org/conda-forge/osx-64/zstd-1.5.7-h3eecb57_6.conda
  sha256: 47101a4055a70a4876ffc87b750ab2287b67eca793f21c8224be5e1ee6394d3f
  md5: 727109b184d680772e3122f40136d5ca
  depends:
  - __osx >=10.13
  - libzlib >=1.3.1,<2.0a0
  license: BSD-3-Clause
  license_family: BSD
  size: 528148
  timestamp: 1764777156963
